// !$*UTF8*$!
{
	archiveVersion = 1;
	classes = {
	};
	objectVersion = 46;
	objects = {

/* Begin PBXBuildFile section */
		3009E02F1CB167E10025478E /* LoginViewController.swift in Sources */ = {isa = PBXBuildFile; fileRef = 3009E02E1CB167E10025478E /* LoginViewController.swift */; };
		30115CD11CCFC563001AAA3A /* ContactTableViewController.swift in Sources */ = {isa = PBXBuildFile; fileRef = 30115CD01CCFC563001AAA3A /* ContactTableViewController.swift */; };
		30115CD51CCFD2CA001AAA3A /* SettingsTableViewController.swift in Sources */ = {isa = PBXBuildFile; fileRef = 30115CD41CCFD2CA001AAA3A /* SettingsTableViewController.swift */; };
		302C0E3F1CC4398900278E13 /* GroupChat.swift in Sources */ = {isa = PBXBuildFile; fileRef = 302C0E3E1CC4398900278E13 /* GroupChat.swift */; };
		302C0E411CC4FB7200278E13 /* User2.swift in Sources */ = {isa = PBXBuildFile; fileRef = 302C0E401CC4FB7200278E13 /* User2.swift */; };
		302C0E431CC51DB600278E13 /* Conversation.swift in Sources */ = {isa = PBXBuildFile; fileRef = 302C0E421CC51DB600278E13 /* Conversation.swift */; };
		302C0E451CC51E2400278E13 /* MessageStructure.swift in Sources */ = {isa = PBXBuildFile; fileRef = 302C0E441CC51E2400278E13 /* MessageStructure.swift */; };
		302C0E471CC563F200278E13 /* listOfConversation.swift in Sources */ = {isa = PBXBuildFile; fileRef = 302C0E461CC563F200278E13 /* listOfConversation.swift */; };
		304D3F951D10CAC800B7C8FB /* Profile.swift in Sources */ = {isa = PBXBuildFile; fileRef = 304D3F941D10CAC800B7C8FB /* Profile.swift */; };
		30A35BE01CB8304B00758B8D /* ServerConnectionViewController.swift in Sources */ = {isa = PBXBuildFile; fileRef = 30A35BDF1CB8304B00758B8D /* ServerConnectionViewController.swift */; };
		30D35ADB1C88E2D800D56A0D /* AppDelegate.swift in Sources */ = {isa = PBXBuildFile; fileRef = 30D35ADA1C88E2D800D56A0D /* AppDelegate.swift */; };
		30D35ADD1C88E2D800D56A0D /* FirstViewController.swift in Sources */ = {isa = PBXBuildFile; fileRef = 30D35ADC1C88E2D800D56A0D /* FirstViewController.swift */; };
		30D35ADF1C88E2D800D56A0D /* SecondViewController.swift in Sources */ = {isa = PBXBuildFile; fileRef = 30D35ADE1C88E2D800D56A0D /* SecondViewController.swift */; };
		30D35AE41C88E2D800D56A0D /* Assets.xcassets in Resources */ = {isa = PBXBuildFile; fileRef = 30D35AE31C88E2D800D56A0D /* Assets.xcassets */; };
		30D35AE71C88E2D800D56A0D /* LaunchScreen.storyboard in Resources */ = {isa = PBXBuildFile; fileRef = 30D35AE51C88E2D800D56A0D /* LaunchScreen.storyboard */; };
		30D35AEF1C88E42100D56A0D /* ConversationListViewController.swift in Sources */ = {isa = PBXBuildFile; fileRef = 30D35AEE1C88E42100D56A0D /* ConversationListViewController.swift */; };
		30D35AF21C88EF9800D56A0D /* User.swift in Sources */ = {isa = PBXBuildFile; fileRef = 30D35AF11C88EF9800D56A0D /* User.swift */; };
		30D35AF61C88F3CC00D56A0D /* sampleData.swift in Sources */ = {isa = PBXBuildFile; fileRef = 30D35AF51C88F3CC00D56A0D /* sampleData.swift */; };
		30D35AF81C88F4EC00D56A0D /* ConversationCell.swift in Sources */ = {isa = PBXBuildFile; fileRef = 30D35AF71C88F4EC00D56A0D /* ConversationCell.swift */; };
		30D35AFE1C89C11100D56A0D /* FindFriendViewControllerTableViewController.swift in Sources */ = {isa = PBXBuildFile; fileRef = 30D35AFD1C89C11100D56A0D /* FindFriendViewControllerTableViewController.swift */; };
		30F4F1AA1CCAC12D008086C8 /* FindFriendCell.swift in Sources */ = {isa = PBXBuildFile; fileRef = 30F4F1A91CCAC12D008086C8 /* FindFriendCell.swift */; };
		30FAE5A71CD389C300DB98E4 /* ContactTableViewCell.swift in Sources */ = {isa = PBXBuildFile; fileRef = 30FAE5A61CD389C300DB98E4 /* ContactTableViewCell.swift */; };
		30FAE5A91CD3AF4F00DB98E4 /* CreateChatTableViewController.swift in Sources */ = {isa = PBXBuildFile; fileRef = 30FAE5A81CD3AF4F00DB98E4 /* CreateChatTableViewController.swift */; };
		30FAE5AB1CD3B14F00DB98E4 /* CreateChatTableViewCell.swift in Sources */ = {isa = PBXBuildFile; fileRef = 30FAE5AA1CD3B14F00DB98E4 /* CreateChatTableViewCell.swift */; };
		30FCE76D1C9B6C5B00D83E59 /* ChatViewController.swift in Sources */ = {isa = PBXBuildFile; fileRef = 30FCE76C1C9B6C5B00D83E59 /* ChatViewController.swift */; };
		30FCE76E1C9B709400D83E59 /* Main.storyboard in Resources */ = {isa = PBXBuildFile; fileRef = 30D35AE01C88E2D800D56A0D /* Main.storyboard */; };
		30FCE7721CB08EAC00D83E59 /* RegisterPageViewController.swift in Sources */ = {isa = PBXBuildFile; fileRef = 30FCE7711CB08EAC00D83E59 /* RegisterPageViewController.swift */; };
		92D1A4CE2B79344C4EEC1867 /* Pods_fdsfa.framework in Frameworks */ = {isa = PBXBuildFile; fileRef = 29118678007060D103CB5D40 /* Pods_fdsfa.framework */; };
/* End PBXBuildFile section */

/* Begin PBXFileReference section */
		1499975B54D513279C2AEA06 /* Pods-fdsfa.debug.xcconfig */ = {isa = PBXFileReference; includeInIndex = 1; lastKnownFileType = text.xcconfig; name = "Pods-fdsfa.debug.xcconfig"; path = "Pods/Target Support Files/Pods-fdsfa/Pods-fdsfa.debug.xcconfig"; sourceTree = "<group>"; };
		29118678007060D103CB5D40 /* Pods_fdsfa.framework */ = {isa = PBXFileReference; explicitFileType = wrapper.framework; includeInIndex = 0; path = Pods_fdsfa.framework; sourceTree = BUILT_PRODUCTS_DIR; };
		3009E02E1CB167E10025478E /* LoginViewController.swift */ = {isa = PBXFileReference; fileEncoding = 4; lastKnownFileType = sourcecode.swift; path = LoginViewController.swift; sourceTree = "<group>"; };
		30115CD01CCFC563001AAA3A /* ContactTableViewController.swift */ = {isa = PBXFileReference; fileEncoding = 4; lastKnownFileType = sourcecode.swift; path = ContactTableViewController.swift; sourceTree = "<group>"; };
		30115CD41CCFD2CA001AAA3A /* SettingsTableViewController.swift */ = {isa = PBXFileReference; fileEncoding = 4; lastKnownFileType = sourcecode.swift; path = SettingsTableViewController.swift; sourceTree = "<group>"; };
		302C0E3E1CC4398900278E13 /* GroupChat.swift */ = {isa = PBXFileReference; fileEncoding = 4; lastKnownFileType = sourcecode.swift; path = GroupChat.swift; sourceTree = "<group>"; };
		302C0E401CC4FB7200278E13 /* User2.swift */ = {isa = PBXFileReference; fileEncoding = 4; lastKnownFileType = sourcecode.swift; path = User2.swift; sourceTree = "<group>"; };
		302C0E421CC51DB600278E13 /* Conversation.swift */ = {isa = PBXFileReference; fileEncoding = 4; lastKnownFileType = sourcecode.swift; path = Conversation.swift; sourceTree = "<group>"; };
		302C0E441CC51E2400278E13 /* MessageStructure.swift */ = {isa = PBXFileReference; fileEncoding = 4; lastKnownFileType = sourcecode.swift; name = MessageStructure.swift; path = Assets.xcassets/MessageStructure.swift; sourceTree = "<group>"; };
		302C0E461CC563F200278E13 /* listOfConversation.swift */ = {isa = PBXFileReference; fileEncoding = 4; lastKnownFileType = sourcecode.swift; path = listOfConversation.swift; sourceTree = "<group>"; };
		304D3F941D10CAC800B7C8FB /* Profile.swift */ = {isa = PBXFileReference; fileEncoding = 4; lastKnownFileType = sourcecode.swift; path = Profile.swift; sourceTree = "<group>"; };
		30A35BDF1CB8304B00758B8D /* ServerConnectionViewController.swift */ = {isa = PBXFileReference; fileEncoding = 4; lastKnownFileType = sourcecode.swift; path = ServerConnectionViewController.swift; sourceTree = "<group>"; };
		30D35AD71C88E2D800D56A0D /* fdsfa.app */ = {isa = PBXFileReference; explicitFileType = wrapper.application; includeInIndex = 0; path = fdsfa.app; sourceTree = BUILT_PRODUCTS_DIR; };
		30D35ADA1C88E2D800D56A0D /* AppDelegate.swift */ = {isa = PBXFileReference; lastKnownFileType = sourcecode.swift; path = AppDelegate.swift; sourceTree = "<group>"; };
		30D35ADC1C88E2D800D56A0D /* FirstViewController.swift */ = {isa = PBXFileReference; lastKnownFileType = sourcecode.swift; path = FirstViewController.swift; sourceTree = "<group>"; };
		30D35ADE1C88E2D800D56A0D /* SecondViewController.swift */ = {isa = PBXFileReference; lastKnownFileType = sourcecode.swift; path = SecondViewController.swift; sourceTree = "<group>"; };
		30D35AE11C88E2D800D56A0D /* Base */ = {isa = PBXFileReference; lastKnownFileType = file.storyboard; name = Base; path = Base.lproj/Main.storyboard; sourceTree = "<group>"; };
		30D35AE31C88E2D800D56A0D /* Assets.xcassets */ = {isa = PBXFileReference; lastKnownFileType = folder.assetcatalog; path = Assets.xcassets; sourceTree = "<group>"; };
		30D35AE61C88E2D800D56A0D /* Base */ = {isa = PBXFileReference; lastKnownFileType = file.storyboard; name = Base; path = Base.lproj/LaunchScreen.storyboard; sourceTree = "<group>"; };
		30D35AE81C88E2D800D56A0D /* Info.plist */ = {isa = PBXFileReference; lastKnownFileType = text.plist.xml; path = Info.plist; sourceTree = "<group>"; };
		30D35AEE1C88E42100D56A0D /* ConversationListViewController.swift */ = {isa = PBXFileReference; fileEncoding = 4; lastKnownFileType = sourcecode.swift; path = ConversationListViewController.swift; sourceTree = "<group>"; };
		30D35AF11C88EF9800D56A0D /* User.swift */ = {isa = PBXFileReference; fileEncoding = 4; lastKnownFileType = sourcecode.swift; path = User.swift; sourceTree = "<group>"; };
		30D35AF51C88F3CC00D56A0D /* sampleData.swift */ = {isa = PBXFileReference; fileEncoding = 4; lastKnownFileType = sourcecode.swift; path = sampleData.swift; sourceTree = "<group>"; };
		30D35AF71C88F4EC00D56A0D /* ConversationCell.swift */ = {isa = PBXFileReference; fileEncoding = 4; lastKnownFileType = sourcecode.swift; path = ConversationCell.swift; sourceTree = "<group>"; };
		30D35AFD1C89C11100D56A0D /* FindFriendViewControllerTableViewController.swift */ = {isa = PBXFileReference; fileEncoding = 4; lastKnownFileType = sourcecode.swift; path = FindFriendViewControllerTableViewController.swift; sourceTree = "<group>"; };
		30F4F1A91CCAC12D008086C8 /* FindFriendCell.swift */ = {isa = PBXFileReference; fileEncoding = 4; lastKnownFileType = sourcecode.swift; path = FindFriendCell.swift; sourceTree = "<group>"; };
		30FAE5A61CD389C300DB98E4 /* ContactTableViewCell.swift */ = {isa = PBXFileReference; fileEncoding = 4; lastKnownFileType = sourcecode.swift; path = ContactTableViewCell.swift; sourceTree = "<group>"; };
		30FAE5A81CD3AF4F00DB98E4 /* CreateChatTableViewController.swift */ = {isa = PBXFileReference; fileEncoding = 4; lastKnownFileType = sourcecode.swift; path = CreateChatTableViewController.swift; sourceTree = "<group>"; };
		30FAE5AA1CD3B14F00DB98E4 /* CreateChatTableViewCell.swift */ = {isa = PBXFileReference; fileEncoding = 4; lastKnownFileType = sourcecode.swift; path = CreateChatTableViewCell.swift; sourceTree = "<group>"; };
		30FCE76C1C9B6C5B00D83E59 /* ChatViewController.swift */ = {isa = PBXFileReference; fileEncoding = 4; lastKnownFileType = sourcecode.swift; path = ChatViewController.swift; sourceTree = "<group>"; };
		30FCE7711CB08EAC00D83E59 /* RegisterPageViewController.swift */ = {isa = PBXFileReference; fileEncoding = 4; lastKnownFileType = sourcecode.swift; path = RegisterPageViewController.swift; sourceTree = "<group>"; };
		84E0F9D5C4A4BF787449C848 /* Pods-fdsfa.release.xcconfig */ = {isa = PBXFileReference; includeInIndex = 1; lastKnownFileType = text.xcconfig; name = "Pods-fdsfa.release.xcconfig"; path = "Pods/Target Support Files/Pods-fdsfa/Pods-fdsfa.release.xcconfig"; sourceTree = "<group>"; };
/* End PBXFileReference section */

/* Begin PBXFrameworksBuildPhase section */
		30D35AD41C88E2D800D56A0D /* Frameworks */ = {
			isa = PBXFrameworksBuildPhase;
			buildActionMask = 2147483647;
			files = (
				92D1A4CE2B79344C4EEC1867 /* Pods_fdsfa.framework in Frameworks */,
			);
			runOnlyForDeploymentPostprocessing = 0;
		};
/* End PBXFrameworksBuildPhase section */

/* Begin PBXGroup section */
		30D35ACE1C88E2D800D56A0D = {
			isa = PBXGroup;
			children = (
				30D35AD91C88E2D800D56A0D /* fdsfa */,
				30D35AD81C88E2D800D56A0D /* Products */,
				D634A2A6933A645589C5C3E1 /* Pods */,
				448AD1451810C117D7314804 /* Frameworks */,
			);
			sourceTree = "<group>";
		};
		30D35AD81C88E2D800D56A0D /* Products */ = {
			isa = PBXGroup;
			children = (
				30D35AD71C88E2D800D56A0D /* fdsfa.app */,
			);
			name = Products;
			sourceTree = "<group>";
		};
		30D35AD91C88E2D800D56A0D /* fdsfa */ = {
			isa = PBXGroup;
			children = (
				30D35ADA1C88E2D800D56A0D /* AppDelegate.swift */,
				30D35ADC1C88E2D800D56A0D /* FirstViewController.swift */,
				30115CD01CCFC563001AAA3A /* ContactTableViewController.swift */,
				30D35AFD1C89C11100D56A0D /* FindFriendViewControllerTableViewController.swift */,
				30D35AEE1C88E42100D56A0D /* ConversationListViewController.swift */,
				30D35ADE1C88E2D800D56A0D /* SecondViewController.swift */,
				30F4F1A91CCAC12D008086C8 /* FindFriendCell.swift */,
				30FCE76C1C9B6C5B00D83E59 /* ChatViewController.swift */,
				30A35BDF1CB8304B00758B8D /* ServerConnectionViewController.swift */,
				30115CD41CCFD2CA001AAA3A /* SettingsTableViewController.swift */,
				30FAE5A81CD3AF4F00DB98E4 /* CreateChatTableViewController.swift */,
				30FAE5AA1CD3B14F00DB98E4 /* CreateChatTableViewCell.swift */,
				30D35AE01C88E2D800D56A0D /* Main.storyboard */,
				30D35AF71C88F4EC00D56A0D /* ConversationCell.swift */,
				30FAE5A61CD389C300DB98E4 /* ContactTableViewCell.swift */,
				30FCE7711CB08EAC00D83E59 /* RegisterPageViewController.swift */,
				3009E02E1CB167E10025478E /* LoginViewController.swift */,
				30D35AF01C88EF6800D56A0D /* model */,
				30D35AE31C88E2D800D56A0D /* Assets.xcassets */,
				30D35AE51C88E2D800D56A0D /* LaunchScreen.storyboard */,
				30D35AE81C88E2D800D56A0D /* Info.plist */,
			);
			path = fdsfa;
			sourceTree = "<group>";
		};
		30D35AF01C88EF6800D56A0D /* model */ = {
			isa = PBXGroup;
			children = (
				30D35AF11C88EF9800D56A0D /* User.swift */,
				30D35AF51C88F3CC00D56A0D /* sampleData.swift */,
				302C0E3E1CC4398900278E13 /* GroupChat.swift */,
				302C0E401CC4FB7200278E13 /* User2.swift */,
				302C0E421CC51DB600278E13 /* Conversation.swift */,
				302C0E441CC51E2400278E13 /* MessageStructure.swift */,
				302C0E461CC563F200278E13 /* listOfConversation.swift */,
				304D3F941D10CAC800B7C8FB /* Profile.swift */,
			);
			name = model;
			sourceTree = "<group>";
		};
		448AD1451810C117D7314804 /* Frameworks */ = {
			isa = PBXGroup;
			children = (
				29118678007060D103CB5D40 /* Pods_fdsfa.framework */,
			);
			name = Frameworks;
			sourceTree = "<group>";
		};
		D634A2A6933A645589C5C3E1 /* Pods */ = {
			isa = PBXGroup;
			children = (
				1499975B54D513279C2AEA06 /* Pods-fdsfa.debug.xcconfig */,
				84E0F9D5C4A4BF787449C848 /* Pods-fdsfa.release.xcconfig */,
			);
			name = Pods;
			sourceTree = "<group>";
		};
/* End PBXGroup section */

/* Begin PBXNativeTarget section */
		30D35AD61C88E2D800D56A0D /* fdsfa */ = {
			isa = PBXNativeTarget;
			buildConfigurationList = 30D35AEB1C88E2D800D56A0D /* Build configuration list for PBXNativeTarget "fdsfa" */;
			buildPhases = (
				907F7E978632246F2DBA92CA /* 📦 Check Pods Manifest.lock */,
				30D35AD31C88E2D800D56A0D /* Sources */,
				30D35AD41C88E2D800D56A0D /* Frameworks */,
				30D35AD51C88E2D800D56A0D /* Resources */,
				DC367C0A3E40471202A7B1A7 /* 📦 Embed Pods Frameworks */,
				18E7B7188E3D4D315CAE7E5A /* 📦 Copy Pods Resources */,
				4CF612FB2BF922AF1F5849DD /* Embed Pods Frameworks */,
			);
			buildRules = (
			);
			dependencies = (
			);
			name = fdsfa;
			productName = fdsfa;
			productReference = 30D35AD71C88E2D800D56A0D /* fdsfa.app */;
			productType = "com.apple.product-type.application";
		};
/* End PBXNativeTarget section */

/* Begin PBXProject section */
		30D35ACF1C88E2D800D56A0D /* Project object */ = {
			isa = PBXProject;
			attributes = {
				LastUpgradeCheck = 0700;
				ORGANIZATIONNAME = Roman;
				TargetAttributes = {
					30D35AD61C88E2D800D56A0D = {
						CreatedOnToolsVersion = 7.0;
						DevelopmentTeam = V5Q3D2EE93;
					};
				};
			};
			buildConfigurationList = 30D35AD21C88E2D800D56A0D /* Build configuration list for PBXProject "fdsfa" */;
			compatibilityVersion = "Xcode 3.2";
			developmentRegion = English;
			hasScannedForEncodings = 0;
			knownRegions = (
				en,
				Base,
			);
			mainGroup = 30D35ACE1C88E2D800D56A0D;
			productRefGroup = 30D35AD81C88E2D800D56A0D /* Products */;
			projectDirPath = "";
			projectRoot = "";
			targets = (
				30D35AD61C88E2D800D56A0D /* fdsfa */,
			);
		};
/* End PBXProject section */

/* Begin PBXResourcesBuildPhase section */
		30D35AD51C88E2D800D56A0D /* Resources */ = {
			isa = PBXResourcesBuildPhase;
			buildActionMask = 2147483647;
			files = (
				30FCE76E1C9B709400D83E59 /* Main.storyboard in Resources */,
				30D35AE71C88E2D800D56A0D /* LaunchScreen.storyboard in Resources */,
				30D35AE41C88E2D800D56A0D /* Assets.xcassets in Resources */,
			);
			runOnlyForDeploymentPostprocessing = 0;
		};
/* End PBXResourcesBuildPhase section */

/* Begin PBXShellScriptBuildPhase section */
		18E7B7188E3D4D315CAE7E5A /* 📦 Copy Pods Resources */ = {
			isa = PBXShellScriptBuildPhase;
			buildActionMask = 2147483647;
			files = (
			);
			inputPaths = (
			);
			name = "📦 Copy Pods Resources";
			outputPaths = (
			);
			runOnlyForDeploymentPostprocessing = 0;
			shellPath = /bin/sh;
			shellScript = "\"${SRCROOT}/Pods/Target Support Files/Pods-fdsfa/Pods-fdsfa-resources.sh\"\n";
			showEnvVarsInLog = 0;
		};
		4CF612FB2BF922AF1F5849DD /* Embed Pods Frameworks */ = {
			isa = PBXShellScriptBuildPhase;
			buildActionMask = 2147483647;
			files = (
			);
			inputPaths = (
			);
			name = "Embed Pods Frameworks";
			outputPaths = (
			);
			runOnlyForDeploymentPostprocessing = 0;
			shellPath = /bin/sh;
			shellScript = "\"${SRCROOT}/Pods/Target Support Files/Pods-fdsfa/Pods-fdsfa-frameworks.sh\"\n";
			showEnvVarsInLog = 0;
		};
		907F7E978632246F2DBA92CA /* 📦 Check Pods Manifest.lock */ = {
			isa = PBXShellScriptBuildPhase;
			buildActionMask = 2147483647;
			files = (
			);
			inputPaths = (
			);
			name = "📦 Check Pods Manifest.lock";
			outputPaths = (
			);
			runOnlyForDeploymentPostprocessing = 0;
			shellPath = /bin/sh;
			shellScript = "diff \"${PODS_ROOT}/../Podfile.lock\" \"${PODS_ROOT}/Manifest.lock\" > /dev/null\nif [[ $? != 0 ]] ; then\n    cat << EOM\nerror: The sandbox is not in sync with the Podfile.lock. Run 'pod install' or update your CocoaPods installation.\nEOM\n    exit 1\nfi\n";
			showEnvVarsInLog = 0;
		};
		DC367C0A3E40471202A7B1A7 /* 📦 Embed Pods Frameworks */ = {
			isa = PBXShellScriptBuildPhase;
			buildActionMask = 2147483647;
			files = (
			);
			inputPaths = (
			);
			name = "📦 Embed Pods Frameworks";
			outputPaths = (
			);
			runOnlyForDeploymentPostprocessing = 0;
			shellPath = /bin/sh;
			shellScript = "\"${SRCROOT}/Pods/Target Support Files/Pods-fdsfa/Pods-fdsfa-frameworks.sh\"\n";
			showEnvVarsInLog = 0;
		};
/* End PBXShellScriptBuildPhase section */

/* Begin PBXSourcesBuildPhase section */
		30D35AD31C88E2D800D56A0D /* Sources */ = {
			isa = PBXSourcesBuildPhase;
			buildActionMask = 2147483647;
			files = (
				30D35ADF1C88E2D800D56A0D /* SecondViewController.swift in Sources */,
				30A35BE01CB8304B00758B8D /* ServerConnectionViewController.swift in Sources */,
				30FAE5A71CD389C300DB98E4 /* ContactTableViewCell.swift in Sources */,
				304D3F951D10CAC800B7C8FB /* Profile.swift in Sources */,
				30D35AEF1C88E42100D56A0D /* ConversationListViewController.swift in Sources */,
				302C0E431CC51DB600278E13 /* Conversation.swift in Sources */,
				30D35ADB1C88E2D800D56A0D /* AppDelegate.swift in Sources */,
				30D35AFE1C89C11100D56A0D /* FindFriendViewControllerTableViewController.swift in Sources */,
				30FCE7721CB08EAC00D83E59 /* RegisterPageViewController.swift in Sources */,
				302C0E451CC51E2400278E13 /* MessageStructure.swift in Sources */,
				302C0E411CC4FB7200278E13 /* User2.swift in Sources */,
				30D35AF61C88F3CC00D56A0D /* sampleData.swift in Sources */,
				30D35AF21C88EF9800D56A0D /* User.swift in Sources */,
				30115CD11CCFC563001AAA3A /* ContactTableViewController.swift in Sources */,
				30FAE5A91CD3AF4F00DB98E4 /* CreateChatTableViewController.swift in Sources */,
				30FAE5AB1CD3B14F00DB98E4 /* CreateChatTableViewCell.swift in Sources */,
				30F4F1AA1CCAC12D008086C8 /* FindFriendCell.swift in Sources */,
				30D35ADD1C88E2D800D56A0D /* FirstViewController.swift in Sources */,
				30FCE76D1C9B6C5B00D83E59 /* ChatViewController.swift in Sources */,
				302C0E3F1CC4398900278E13 /* GroupChat.swift in Sources */,
				30D35AF81C88F4EC00D56A0D /* ConversationCell.swift in Sources */,
				302C0E471CC563F200278E13 /* listOfConversation.swift in Sources */,
				3009E02F1CB167E10025478E /* LoginViewController.swift in Sources */,
				30115CD51CCFD2CA001AAA3A /* SettingsTableViewController.swift in Sources */,
			);
			runOnlyForDeploymentPostprocessing = 0;
		};
/* End PBXSourcesBuildPhase section */

/* Begin PBXVariantGroup section */
		30D35AE01C88E2D800D56A0D /* Main.storyboard */ = {
			isa = PBXVariantGroup;
			children = (
				30D35AE11C88E2D800D56A0D /* Base */,
			);
			name = Main.storyboard;
			sourceTree = "<group>";
		};
		30D35AE51C88E2D800D56A0D /* LaunchScreen.storyboard */ = {
			isa = PBXVariantGroup;
			children = (
				30D35AE61C88E2D800D56A0D /* Base */,
			);
			name = LaunchScreen.storyboard;
			sourceTree = "<group>";
		};
/* End PBXVariantGroup section */

/* Begin XCBuildConfiguration section */
		30D35AE91C88E2D800D56A0D /* Debug */ = {
			isa = XCBuildConfiguration;
			buildSettings = {
				ALWAYS_SEARCH_USER_PATHS = NO;
				CLANG_CXX_LANGUAGE_STANDARD = "gnu++0x";
				CLANG_CXX_LIBRARY = "libc++";
				CLANG_ENABLE_MODULES = YES;
				CLANG_ENABLE_OBJC_ARC = YES;
				CLANG_WARN_BOOL_CONVERSION = YES;
				CLANG_WARN_CONSTANT_CONVERSION = YES;
				CLANG_WARN_DIRECT_OBJC_ISA_USAGE = YES_ERROR;
				CLANG_WARN_EMPTY_BODY = YES;
				CLANG_WARN_ENUM_CONVERSION = YES;
				CLANG_WARN_INT_CONVERSION = YES;
				CLANG_WARN_OBJC_ROOT_CLASS = YES_ERROR;
				CLANG_WARN_UNREACHABLE_CODE = YES;
				CLANG_WARN__DUPLICATE_METHOD_MATCH = YES;
				"CODE_SIGN_IDENTITY[sdk=iphoneos*]" = "iPhone Developer";
				COPY_PHASE_STRIP = NO;
				DEBUG_INFORMATION_FORMAT = dwarf;
				ENABLE_STRICT_OBJC_MSGSEND = YES;
				ENABLE_TESTABILITY = YES;
				GCC_C_LANGUAGE_STANDARD = gnu99;
				GCC_DYNAMIC_NO_PIC = NO;
				GCC_NO_COMMON_BLOCKS = YES;
				GCC_OPTIMIZATION_LEVEL = 0;
				GCC_PREPROCESSOR_DEFINITIONS = (
					"DEBUG=1",
					"$(inherited)",
				);
				GCC_WARN_64_TO_32_BIT_CONVERSION = YES;
				GCC_WARN_ABOUT_RETURN_TYPE = YES_ERROR;
				GCC_WARN_UNDECLARED_SELECTOR = YES;
				GCC_WARN_UNINITIALIZED_AUTOS = YES_AGGRESSIVE;
				GCC_WARN_UNUSED_FUNCTION = YES;
				GCC_WARN_UNUSED_VARIABLE = YES;
				IPHONEOS_DEPLOYMENT_TARGET = 9.0;
				MTL_ENABLE_DEBUG_INFO = YES;
				ONLY_ACTIVE_ARCH = YES;
				SDKROOT = iphoneos;
				SWIFT_OPTIMIZATION_LEVEL = "-Onone";
				TARGETED_DEVICE_FAMILY = "1,2";
			};
			name = Debug;
		};
		30D35AEA1C88E2D800D56A0D /* Release */ = {
			isa = XCBuildConfiguration;
			buildSettings = {
				ALWAYS_SEARCH_USER_PATHS = NO;
				CLANG_CXX_LANGUAGE_STANDARD = "gnu++0x";
				CLANG_CXX_LIBRARY = "libc++";
				CLANG_ENABLE_MODULES = YES;
				CLANG_ENABLE_OBJC_ARC = YES;
				CLANG_WARN_BOOL_CONVERSION = YES;
				CLANG_WARN_CONSTANT_CONVERSION = YES;
				CLANG_WARN_DIRECT_OBJC_ISA_USAGE = YES_ERROR;
				CLANG_WARN_EMPTY_BODY = YES;
				CLANG_WARN_ENUM_CONVERSION = YES;
				CLANG_WARN_INT_CONVERSION = YES;
				CLANG_WARN_OBJC_ROOT_CLASS = YES_ERROR;
				CLANG_WARN_UNREACHABLE_CODE = YES;
				CLANG_WARN__DUPLICATE_METHOD_MATCH = YES;
				"CODE_SIGN_IDENTITY[sdk=iphoneos*]" = "iPhone Developer";
				COPY_PHASE_STRIP = NO;
				DEBUG_INFORMATION_FORMAT = "dwarf-with-dsym";
				ENABLE_NS_ASSERTIONS = NO;
				ENABLE_STRICT_OBJC_MSGSEND = YES;
				GCC_C_LANGUAGE_STANDARD = gnu99;
				GCC_NO_COMMON_BLOCKS = YES;
				GCC_WARN_64_TO_32_BIT_CONVERSION = YES;
				GCC_WARN_ABOUT_RETURN_TYPE = YES_ERROR;
				GCC_WARN_UNDECLARED_SELECTOR = YES;
				GCC_WARN_UNINITIALIZED_AUTOS = YES_AGGRESSIVE;
				GCC_WARN_UNUSED_FUNCTION = YES;
				GCC_WARN_UNUSED_VARIABLE = YES;
				IPHONEOS_DEPLOYMENT_TARGET = 9.0;
				MTL_ENABLE_DEBUG_INFO = NO;
				SDKROOT = iphoneos;
				TARGETED_DEVICE_FAMILY = "1,2";
				VALIDATE_PRODUCT = YES;
			};
			name = Release;
		};
		30D35AEC1C88E2D800D56A0D /* Debug */ = {
			isa = XCBuildConfiguration;
			baseConfigurationReference = 1499975B54D513279C2AEA06 /* Pods-fdsfa.debug.xcconfig */;
			buildSettings = {
				ALWAYS_SEARCH_USER_PATHS = YES;
				ASSETCATALOG_COMPILER_APPICON_NAME = AppIcon;
				CODE_SIGN_IDENTITY = "iPhone Developer";
				"CODE_SIGN_IDENTITY[sdk=iphoneos*]" = "iPhone Developer";
				FRAMEWORK_SEARCH_PATHS = "";
				HEADER_SEARCH_PATHS = "\"$(SDKROOT)/usr/include/libxml2\"\n";
				INFOPLIST_FILE = fdsfa/Info.plist;
				LD_RUNPATH_SEARCH_PATHS = "$(inherited) @executable_path/Frameworks";
				PRODUCT_BUNDLE_IDENTIFIER = roman.fdsfa;
				PRODUCT_NAME = "$(TARGET_NAME)";
				PROVISIONING_PROFILE = "";
				SWIFT_INSTALL_OBJC_HEADER = NO;
				SWIFT_OBJC_INTERFACE_HEADER_NAME = "";
				USER_HEADER_SEARCH_PATHS = "";
			};
			name = Debug;
		};
		30D35AED1C88E2D800D56A0D /* Release */ = {
			isa = XCBuildConfiguration;
			baseConfigurationReference = 84E0F9D5C4A4BF787449C848 /* Pods-fdsfa.release.xcconfig */;
			buildSettings = {
				ALWAYS_SEARCH_USER_PATHS = YES;
				ASSETCATALOG_COMPILER_APPICON_NAME = AppIcon;
				CODE_SIGN_IDENTITY = "iPhone Developer";
				"CODE_SIGN_IDENTITY[sdk=iphoneos*]" = "iPhone Developer";
				FRAMEWORK_SEARCH_PATHS = "";
				HEADER_SEARCH_PATHS = "\"$(SDKROOT)/usr/include/libxml2\"\n";
				INFOPLIST_FILE = fdsfa/Info.plist;
				LD_RUNPATH_SEARCH_PATHS = "$(inherited) @executable_path/Frameworks";
				PRODUCT_BUNDLE_IDENTIFIER = roman.fdsfa;
				PRODUCT_NAME = "$(TARGET_NAME)";
				PROVISIONING_PROFILE = "";
				SWIFT_INSTALL_OBJC_HEADER = NO;
				SWIFT_OBJC_INTERFACE_HEADER_NAME = "";
				USER_HEADER_SEARCH_PATHS = "";
			};
			name = Release;
		};
/* End XCBuildConfiguration section */

/* Begin XCConfigurationList section */
		30D35AD21C88E2D800D56A0D /* Build configuration list for PBXProject "fdsfa" */ = {
			isa = XCConfigurationList;
			buildConfigurations = (
				30D35AE91C88E2D800D56A0D /* Debug */,
				30D35AEA1C88E2D800D56A0D /* Release */,
			);
			defaultConfigurationIsVisible = 0;
			defaultConfigurationName = Release;
		};
		30D35AEB1C88E2D800D56A0D /* Build configuration list for PBXNativeTarget "fdsfa" */ = {
			isa = XCConfigurationList;
			buildConfigurations = (
				30D35AEC1C88E2D800D56A0D /* Debug */,
				30D35AED1C88E2D800D56A0D /* Release */,
			);
			defaultConfigurationIsVisible = 0;
			defaultConfigurationName = Release;
		};
/* End XCConfigurationList section */
	};
	rootObject = 30D35ACF1C88E2D800D56A0D /* Project object */;
}
